
Microsoft Visual Studio Solution File, Format Version 12.00
# Visual Studio Version 17
VisualStudioVersion = 17.8.34219.65
MinimumVisualStudioVersion = 10.0.40219.1
Project("{FAE04EC0-301F-11D3-BF4B-00C04F79EFBC}") = "MunicipalServicesApp", "MunicipalServicesApp\MunicipalServicesApp.csproj", "{1B0B9159-50D3-4B96-ACDB-804B609292DB}"
EndProject
Global
	GlobalSection(SolutionConfigurationPlatforms) = preSolution
		Debug|Any CPU = Debug|Any CPU
		Release|Any CPU = Release|Any CPU
	EndGlobalSection
	GlobalSection(ProjectConfigurationPlatforms) = postSolution
		{1B0B9159-50D3-4B96-ACDB-804B609292DB}.Debug|Any CPU.ActiveCfg = Debug|Any CPU
		{1B0B9159-50D3-4B96-ACDB-804B609292DB}.Debug|Any CPU.Build.0 = Debug|Any CPU
		{1B0B9159-50D3-4B96-ACDB-804B609292DB}.Release|Any CPU.ActiveCfg = Release|Any CPU
		{1B0B9159-50D3-4B96-ACDB-804B609292DB}.Release|Any CPU.Build.0 = Release|Any CPU
	EndGlobalSection
	GlobalSection(SolutionProperties) = preSolution
		HideSolutionNode = FALSE
	EndGlobalSection
	GlobalSection(ExtensibilityGlobals) = postSolution
		SolutionGuid = {83ECA073-F897-401A-BA80-09ED1E377A16}
	EndGlobalSection
EndGlobal
